
Microsoft Visual Studio Solution File, Format Version 12.00
# Visual Studio Version 17
VisualStudioVersion = 17.9.34723.18
MinimumVisualStudioVersion = 10.0.40219.1
Project("{FAE04EC0-301F-11D3-BF4B-00C04F79EFBC}") = "Code", "Code\Code.csproj", "{7ED3D22F-6A27-4307-B3EE-5E989293122E}"
EndProject
Project("{FAE04EC0-301F-11D3-BF4B-00C04F79EFBC}") = "Test", "Test\Test.csproj", "{F8DDA71C-E1CE-4226-816B-FF26ECBEC23E}"
EndProject
Global
	GlobalSection(SolutionConfigurationPlatforms) = preSolution
		Debug|Any CPU = Debug|Any CPU
		Release|Any CPU = Release|Any CPU
	EndGlobalSection
	GlobalSection(ProjectConfigurationPlatforms) = postSolution
		{7ED3D22F-6A27-4307-B3EE-5E989293122E}.Debug|Any CPU.ActiveCfg = Debug|Any CPU
		{7ED3D22F-6A27-4307-B3EE-5E989293122E}.Debug|Any CPU.Build.0 = Debug|Any CPU
		{7ED3D22F-6A27-4307-B3EE-5E989293122E}.Release|Any CPU.ActiveCfg = Release|Any CPU
		{7ED3D22F-6A27-4307-B3EE-5E989293122E}.Release|Any CPU.Build.0 = Release|Any CPU
		{F8DDA71C-E1CE-4226-816B-FF26ECBEC23E}.Debug|Any CPU.ActiveCfg = Debug|Any CPU
		{F8DDA71C-E1CE-4226-816B-FF26ECBEC23E}.Debug|Any CPU.Build.0 = Debug|Any CPU
		{F8DDA71C-E1CE-4226-816B-FF26ECBEC23E}.Release|Any CPU.ActiveCfg = Release|Any CPU
		{F8DDA71C-E1CE-4226-816B-FF26ECBEC23E}.Release|Any CPU.Build.0 = Release|Any CPU
	EndGlobalSection
	GlobalSection(SolutionProperties) = preSolution
		HideSolutionNode = FALSE
	EndGlobalSection
	GlobalSection(ExtensibilityGlobals) = postSolution
		SolutionGuid = {00547902-DC7E-4800-BC78-8BAF505D84D5}
	EndGlobalSection
EndGlobal
